
Microsoft Visual Studio Solution File, Format Version 12.00
# Visual Studio 2017
Project("{FAE04EC0-301F-11D3-BF4B-00C04F79EFBC}") = "Kids Study Go_fin_kay", "Kids Study Go_fin_kay.csproj", "{49D8D140-1831-D107-CB1A-C40D60B32B8E}"
EndProject
Project("{FAE04EC0-301F-11D3-BF4B-00C04F79EFBC}") = "Kids Study Go_fin_kay.Editor", "Kids Study Go_fin_kay.Editor.csproj", "{43325F88-7A61-DA78-801C-06B309B27A45}"
EndProject
Global
	GlobalSection(SolutionConfigurationPlatforms) = preSolution
		Debug|Any CPU = Debug|Any CPU
		Release|Any CPU = Release|Any CPU
	EndGlobalSection
	GlobalSection(ProjectConfigurationPlatforms) = postSolution
		{49D8D140-1831-D107-CB1A-C40D60B32B8E}.Debug|Any CPU.ActiveCfg = Debug|Any CPU
		{49D8D140-1831-D107-CB1A-C40D60B32B8E}.Debug|Any CPU.Build.0 = Debug|Any CPU
		{49D8D140-1831-D107-CB1A-C40D60B32B8E}.Release|Any CPU.ActiveCfg = Release|Any CPU
		{49D8D140-1831-D107-CB1A-C40D60B32B8E}.Release|Any CPU.Build.0 = Release|Any CPU
		{43325F88-7A61-DA78-801C-06B309B27A45}.Debug|Any CPU.ActiveCfg = Debug|Any CPU
		{43325F88-7A61-DA78-801C-06B309B27A45}.Debug|Any CPU.Build.0 = Debug|Any CPU
		{43325F88-7A61-DA78-801C-06B309B27A45}.Release|Any CPU.ActiveCfg = Release|Any CPU
		{43325F88-7A61-DA78-801C-06B309B27A45}.Release|Any CPU.Build.0 = Release|Any CPU
	EndGlobalSection
	GlobalSection(SolutionProperties) = preSolution
		HideSolutionNode = FALSE
	EndGlobalSection
EndGlobal
